
Microsoft Visual Studio Solution File, Format Version 12.00
# Visual Studio Version 16
VisualStudioVersion = 16.0.32428.217
MinimumVisualStudioVersion = 10.0.40219.1
Project("{8BC9CEB8-8B4A-11D0-8D11-00A0C91BC942}") = "p614", "p614.vcxproj", "{7611E243-7E01-4845-87A5-C307E252FBEE}"
EndProject
Global
	GlobalSection(SolutionConfigurationPlatforms) = preSolution
		Debug|x64 = Debug|x64
		Debug|x86 = Debug|x86
		Release|x64 = Release|x64
		Release|x86 = Release|x86
	EndGlobalSection
	GlobalSection(ProjectConfigurationPlatforms) = postSolution
		{7611E243-7E01-4845-87A5-C307E252FBEE}.Debug|x64.ActiveCfg = Debug|x64
		{7611E243-7E01-4845-87A5-C307E252FBEE}.Debug|x64.Build.0 = Debug|x64
		{7611E243-7E01-4845-87A5-C307E252FBEE}.Debug|x86.ActiveCfg = Debug|Win32
		{7611E243-7E01-4845-87A5-C307E252FBEE}.Debug|x86.Build.0 = Debug|Win32
		{7611E243-7E01-4845-87A5-C307E252FBEE}.Release|x64.ActiveCfg = Release|x64
		{7611E243-7E01-4845-87A5-C307E252FBEE}.Release|x64.Build.0 = Release|x64
		{7611E243-7E01-4845-87A5-C307E252FBEE}.Release|x86.ActiveCfg = Release|Win32
		{7611E243-7E01-4845-87A5-C307E252FBEE}.Release|x86.Build.0 = Release|Win32
	EndGlobalSection
	GlobalSection(SolutionProperties) = preSolution
		HideSolutionNode = FALSE
	EndGlobalSection
	GlobalSection(ExtensibilityGlobals) = postSolution
		SolutionGuid = {E72DBA24-4786-4DE6-B814-FA48BA9708C8}
	EndGlobalSection
EndGlobal
