
Microsoft Visual Studio Solution File, Format Version 12.00
# Visual Studio Version 16
VisualStudioVersion = 16.0.32228.343
MinimumVisualStudioVersion = 10.0.40219.1
Project("{8BC9CEB8-8B4A-11D0-8D11-00A0C91BC942}") = "20220511", "20220511.vcxproj", "{638E7801-0D55-4982-9557-232CB5A40256}"
EndProject
Global
	GlobalSection(SolutionConfigurationPlatforms) = preSolution
		Debug|x64 = Debug|x64
		Debug|x86 = Debug|x86
		Release|x64 = Release|x64
		Release|x86 = Release|x86
	EndGlobalSection
	GlobalSection(ProjectConfigurationPlatforms) = postSolution
		{638E7801-0D55-4982-9557-232CB5A40256}.Debug|x64.ActiveCfg = Debug|x64
		{638E7801-0D55-4982-9557-232CB5A40256}.Debug|x64.Build.0 = Debug|x64
		{638E7801-0D55-4982-9557-232CB5A40256}.Debug|x86.ActiveCfg = Debug|Win32
		{638E7801-0D55-4982-9557-232CB5A40256}.Debug|x86.Build.0 = Debug|Win32
		{638E7801-0D55-4982-9557-232CB5A40256}.Release|x64.ActiveCfg = Release|x64
		{638E7801-0D55-4982-9557-232CB5A40256}.Release|x64.Build.0 = Release|x64
		{638E7801-0D55-4982-9557-232CB5A40256}.Release|x86.ActiveCfg = Release|Win32
		{638E7801-0D55-4982-9557-232CB5A40256}.Release|x86.Build.0 = Release|Win32
	EndGlobalSection
	GlobalSection(SolutionProperties) = preSolution
		HideSolutionNode = FALSE
	EndGlobalSection
	GlobalSection(ExtensibilityGlobals) = postSolution
		SolutionGuid = {5EA5244F-4E3E-42EE-86E2-077C1BE16B88}
	EndGlobalSection
EndGlobal
