
Microsoft Visual Studio Solution File, Format Version 12.00
# Visual Studio Version 16
VisualStudioVersion = 16.0.32428.217
MinimumVisualStudioVersion = 10.0.40219.1
Project("{8BC9CEB8-8B4A-11D0-8D11-00A0C91BC942}") = "p129", "p129.vcxproj", "{FF2B5657-CE65-494D-BF9A-FF075B0E111D}"
EndProject
Global
	GlobalSection(SolutionConfigurationPlatforms) = preSolution
		Debug|x64 = Debug|x64
		Debug|x86 = Debug|x86
		Release|x64 = Release|x64
		Release|x86 = Release|x86
	EndGlobalSection
	GlobalSection(ProjectConfigurationPlatforms) = postSolution
		{FF2B5657-CE65-494D-BF9A-FF075B0E111D}.Debug|x64.ActiveCfg = Debug|x64
		{FF2B5657-CE65-494D-BF9A-FF075B0E111D}.Debug|x64.Build.0 = Debug|x64
		{FF2B5657-CE65-494D-BF9A-FF075B0E111D}.Debug|x86.ActiveCfg = Debug|Win32
		{FF2B5657-CE65-494D-BF9A-FF075B0E111D}.Debug|x86.Build.0 = Debug|Win32
		{FF2B5657-CE65-494D-BF9A-FF075B0E111D}.Release|x64.ActiveCfg = Release|x64
		{FF2B5657-CE65-494D-BF9A-FF075B0E111D}.Release|x64.Build.0 = Release|x64
		{FF2B5657-CE65-494D-BF9A-FF075B0E111D}.Release|x86.ActiveCfg = Release|Win32
		{FF2B5657-CE65-494D-BF9A-FF075B0E111D}.Release|x86.Build.0 = Release|Win32
	EndGlobalSection
	GlobalSection(SolutionProperties) = preSolution
		HideSolutionNode = FALSE
	EndGlobalSection
	GlobalSection(ExtensibilityGlobals) = postSolution
		SolutionGuid = {0726BB2E-03F2-476B-B481-1B85A0AB1F62}
	EndGlobalSection
EndGlobal
